
Microsoft Visual Studio Solution File, Format Version 12.00
# Visual Studio Version 17
VisualStudioVersion = 17.3.32819.101
MinimumVisualStudioVersion = 10.0.40219.1
Project("{9A19103F-16F7-4668-BE54-9A1E7A4F7556}") = "TestFacadeSourceGen", "TestFacadeSourceGen\TestFacadeSourceGen.csproj", "{0BC94481-6A01-42D0-A148-B6A1C28AAFCE}"
EndProject
Project("{9A19103F-16F7-4668-BE54-9A1E7A4F7556}") = "Generator", "Generator\Generator.csproj", "{A777D7A1-DB5F-4F1B-BEDF-FAE8B2D0487F}"
EndProject
Global
	GlobalSection(SolutionConfigurationPlatforms) = preSolution
		Debug|Any CPU = Debug|Any CPU
		Release|Any CPU = Release|Any CPU
	EndGlobalSection
	GlobalSection(ProjectConfigurationPlatforms) = postSolution
		{0BC94481-6A01-42D0-A148-B6A1C28AAFCE}.Debug|Any CPU.ActiveCfg = Debug|Any CPU
		{0BC94481-6A01-42D0-A148-B6A1C28AAFCE}.Debug|Any CPU.Build.0 = Debug|Any CPU
		{0BC94481-6A01-42D0-A148-B6A1C28AAFCE}.Release|Any CPU.ActiveCfg = Release|Any CPU
		{0BC94481-6A01-42D0-A148-B6A1C28AAFCE}.Release|Any CPU.Build.0 = Release|Any CPU
		{A777D7A1-DB5F-4F1B-BEDF-FAE8B2D0487F}.Debug|Any CPU.ActiveCfg = Debug|Any CPU
		{A777D7A1-DB5F-4F1B-BEDF-FAE8B2D0487F}.Debug|Any CPU.Build.0 = Debug|Any CPU
		{A777D7A1-DB5F-4F1B-BEDF-FAE8B2D0487F}.Release|Any CPU.ActiveCfg = Release|Any CPU
		{A777D7A1-DB5F-4F1B-BEDF-FAE8B2D0487F}.Release|Any CPU.Build.0 = Release|Any CPU
	EndGlobalSection
	GlobalSection(SolutionProperties) = preSolution
		HideSolutionNode = FALSE
	EndGlobalSection
	GlobalSection(ExtensibilityGlobals) = postSolution
		SolutionGuid = {C2C3E1D2-5473-4EFE-ABC7-46B2D5ACD861}
	EndGlobalSection
EndGlobal
